Microsoft Visual Studio Solution File, Format Version 12.00
# Visual Studio Version 17
VisualStudioVersion = 17.5.2.0
MinimumVisualStudioVersion = 10.0.40219.1
Project("{2150E333-8FDC-42A3-9474-1A3956D46DE8}") = "loesungen", "loesungen", "{AAB96060-2D3A-0653-AB82-5CB59C7202A4}"
EndProject
Project("{2150E333-8FDC-42A3-9474-1A3956D46DE8}") = "src", "src", "{827E0CD3-B72D-47B6-A68D-7590B98EB39B}"
EndProject
Project("{FAE04EC0-301F-11D3-BF4B-00C04F79EFBC}") = "02_02", "loesungen\02_02\02_02.csproj", "{423CBF32-F4B0-F4BC-A0E3-9E6A8E9E86BC}"
EndProject
Project("{FAE04EC0-301F-11D3-BF4B-00C04F79EFBC}") = "02_04", "loesungen\02_04\02_04.csproj", "{CE8D7471-5929-3E24-A6E5-D7AA71C03746}"
EndProject
Project("{FAE04EC0-301F-11D3-BF4B-00C04F79EFBC}") = "04_03_calculator", "loesungen\04_03_calculator\04_03_calculator.csproj", "{6D1C6128-EC4F-BA8A-6566-8062B348EE53}"
EndProject
Project("{FAE04EC0-301F-11D3-BF4B-00C04F79EFBC}") = "ChallengeBubblesort", "loesungen\ChallengeBubblesort\ChallengeBubblesort.csproj", "{59BA8C9B-63AC-D55D-A174-2056EA72B533}"
EndProject
Project("{FAE04EC0-301F-11D3-BF4B-00C04F79EFBC}") = "ChallengeZahlenRaten", "loesungen\ChallengeZahlenRaten\ChallengeZahlenRaten.csproj", "{9A0E68C9-7E99-EFAA-6BD6-93D287DB298F}"
EndProject
Project("{FAE04EC0-301F-11D3-BF4B-00C04F79EFBC}") = "02_06", "loesungen\02_06\02_06.csproj", "{DE99F4A6-50EF-77B6-E8DC-A3027EEF5929}"
EndProject
Project("{FAE04EC0-301F-11D3-BF4B-00C04F79EFBC}") = "02_03", "loesungen\02_03\02_03.csproj", "{E2B1D5D6-7F04-CDF1-36D7-043247888122}"
EndProject
Project("{FAE04EC0-301F-11D3-BF4B-00C04F79EFBC}") = "02_05", "loesungen\02_05\02_05.csproj", "{B4F344D1-CB1E-7407-2B1D-40EBB87C5F02}"
EndProject
Project("{FAE04EC0-301F-11D3-BF4B-00C04F79EFBC}") = "02_02", "src\02_02\02_02.csproj", "{7EDB18D5-DD09-EFA0-BC19-75978ECE4E24}"
EndProject
Project("{FAE04EC0-301F-11D3-BF4B-00C04F79EFBC}") = "02_04", "src\02_04\02_04.csproj", "{D577B7EB-59B9-C148-2BC6-8EB8EEE03176}"
EndProject
Project("{FAE04EC0-301F-11D3-BF4B-00C04F79EFBC}") = "04_03_calculator", "src\04_03_calculator\04_03_calculator.csproj", "{E5F34412-E096-2958-7A0B-BF265EB2B52D}"
EndProject
Project("{FAE04EC0-301F-11D3-BF4B-00C04F79EFBC}") = "ChallengeBubblesort", "src\ChallengeBubblesort\ChallengeBubblesort.csproj", "{025BED19-4BC2-A5B6-3E91-6E14EA9579DD}"
EndProject
Project("{FAE04EC0-301F-11D3-BF4B-00C04F79EFBC}") = "ChallengeZahlenRaten", "src\ChallengeZahlenRaten\ChallengeZahlenRaten.csproj", "{D63141C6-CD06-7507-539F-DBA26EB47BF8}"
EndProject
Project("{FAE04EC0-301F-11D3-BF4B-00C04F79EFBC}") = "02_06", "src\02_06\02_06.csproj", "{D8898302-A3B1-DDE2-D3C0-3BE67F3BB713}"
EndProject
Project("{FAE04EC0-301F-11D3-BF4B-00C04F79EFBC}") = "02_03", "src\02_03\02_03.csproj", "{2EBE3456-3727-9C02-BDF3-36D63E61859F}"
EndProject
Project("{FAE04EC0-301F-11D3-BF4B-00C04F79EFBC}") = "02_05", "src\02_05\02_05.csproj", "{A9198896-2ED3-ADF0-1740-8F38E54C396C}"
EndProject
Project("{FAE04EC0-301F-11D3-BF4B-00C04F79EFBC}") = "TestProject1", "src\TestProject1\TestProject1.csproj", "{70DAC067-942B-4524-9160-9E436F82298E}"
EndProject
Global
	GlobalSection(SolutionConfigurationPlatforms) = preSolution
		Debug|Any CPU = Debug|Any CPU
		Release|Any CPU = Release|Any CPU
	EndGlobalSection
	GlobalSection(ProjectConfigurationPlatforms) = postSolution
		{423CBF32-F4B0-F4BC-A0E3-9E6A8E9E86BC}.Debug|Any CPU.ActiveCfg = Debug|Any CPU
		{423CBF32-F4B0-F4BC-A0E3-9E6A8E9E86BC}.Debug|Any CPU.Build.0 = Debug|Any CPU
		{423CBF32-F4B0-F4BC-A0E3-9E6A8E9E86BC}.Release|Any CPU.ActiveCfg = Release|Any CPU
		{423CBF32-F4B0-F4BC-A0E3-9E6A8E9E86BC}.Release|Any CPU.Build.0 = Release|Any CPU
		{CE8D7471-5929-3E24-A6E5-D7AA71C03746}.Debug|Any CPU.ActiveCfg = Debug|Any CPU
		{CE8D7471-5929-3E24-A6E5-D7AA71C03746}.Debug|Any CPU.Build.0 = Debug|Any CPU
		{CE8D7471-5929-3E24-A6E5-D7AA71C03746}.Release|Any CPU.ActiveCfg = Release|Any CPU
		{CE8D7471-5929-3E24-A6E5-D7AA71C03746}.Release|Any CPU.Build.0 = Release|Any CPU
		{6D1C6128-EC4F-BA8A-6566-8062B348EE53}.Debug|Any CPU.ActiveCfg = Debug|Any CPU
		{6D1C6128-EC4F-BA8A-6566-8062B348EE53}.Debug|Any CPU.Build.0 = Debug|Any CPU
		{6D1C6128-EC4F-BA8A-6566-8062B348EE53}.Release|Any CPU.ActiveCfg = Release|Any CPU
		{6D1C6128-EC4F-BA8A-6566-8062B348EE53}.Release|Any CPU.Build.0 = Release|Any CPU
		{59BA8C9B-63AC-D55D-A174-2056EA72B533}.Debug|Any CPU.ActiveCfg = Debug|Any CPU
		{59BA8C9B-63AC-D55D-A174-2056EA72B533}.Debug|Any CPU.Build.0 = Debug|Any CPU
		{59BA8C9B-63AC-D55D-A174-2056EA72B533}.Release|Any CPU.ActiveCfg = Release|Any CPU
		{59BA8C9B-63AC-D55D-A174-2056EA72B533}.Release|Any CPU.Build.0 = Release|Any CPU
		{9A0E68C9-7E99-EFAA-6BD6-93D287DB298F}.Debug|Any CPU.ActiveCfg = Debug|Any CPU
		{9A0E68C9-7E99-EFAA-6BD6-93D287DB298F}.Debug|Any CPU.Build.0 = Debug|Any CPU
		{9A0E68C9-7E99-EFAA-6BD6-93D287DB298F}.Release|Any CPU.ActiveCfg = Release|Any CPU
		{9A0E68C9-7E99-EFAA-6BD6-93D287DB298F}.Release|Any CPU.Build.0 = Release|Any CPU
		{DE99F4A6-50EF-77B6-E8DC-A3027EEF5929}.Debug|Any CPU.ActiveCfg = Debug|Any CPU
		{DE99F4A6-50EF-77B6-E8DC-A3027EEF5929}.Debug|Any CPU.Build.0 = Debug|Any CPU
		{DE99F4A6-50EF-77B6-E8DC-A3027EEF5929}.Release|Any CPU.ActiveCfg = Release|Any CPU
		{DE99F4A6-50EF-77B6-E8DC-A3027EEF5929}.Release|Any CPU.Build.0 = Release|Any CPU
		{E2B1D5D6-7F04-CDF1-36D7-043247888122}.Debug|Any CPU.ActiveCfg = Debug|Any CPU
		{E2B1D5D6-7F04-CDF1-36D7-043247888122}.Debug|Any CPU.Build.0 = Debug|Any CPU
		{E2B1D5D6-7F04-CDF1-36D7-043247888122}.Release|Any CPU.ActiveCfg = Release|Any CPU
		{E2B1D5D6-7F04-CDF1-36D7-043247888122}.Release|Any CPU.Build.0 = Release|Any CPU
		{B4F344D1-CB1E-7407-2B1D-40EBB87C5F02}.Debug|Any CPU.ActiveCfg = Debug|Any CPU
		{B4F344D1-CB1E-7407-2B1D-40EBB87C5F02}.Debug|Any CPU.Build.0 = Debug|Any CPU
		{B4F344D1-CB1E-7407-2B1D-40EBB87C5F02}.Release|Any CPU.ActiveCfg = Release|Any CPU
		{B4F344D1-CB1E-7407-2B1D-40EBB87C5F02}.Release|Any CPU.Build.0 = Release|Any CPU
		{7EDB18D5-DD09-EFA0-BC19-75978ECE4E24}.Debug|Any CPU.ActiveCfg = Debug|Any CPU
		{7EDB18D5-DD09-EFA0-BC19-75978ECE4E24}.Debug|Any CPU.Build.0 = Debug|Any CPU
		{7EDB18D5-DD09-EFA0-BC19-75978ECE4E24}.Release|Any CPU.ActiveCfg = Release|Any CPU
		{7EDB18D5-DD09-EFA0-BC19-75978ECE4E24}.Release|Any CPU.Build.0 = Release|Any CPU
		{D577B7EB-59B9-C148-2BC6-8EB8EEE03176}.Debug|Any CPU.ActiveCfg = Debug|Any CPU
		{D577B7EB-59B9-C148-2BC6-8EB8EEE03176}.Debug|Any CPU.Build.0 = Debug|Any CPU
		{D577B7EB-59B9-C148-2BC6-8EB8EEE03176}.Release|Any CPU.ActiveCfg = Release|Any CPU
		{D577B7EB-59B9-C148-2BC6-8EB8EEE03176}.Release|Any CPU.Build.0 = Release|Any CPU
		{E5F34412-E096-2958-7A0B-BF265EB2B52D}.Debug|Any CPU.ActiveCfg = Debug|Any CPU
		{E5F34412-E096-2958-7A0B-BF265EB2B52D}.Debug|Any CPU.Build.0 = Debug|Any CPU
		{E5F34412-E096-2958-7A0B-BF265EB2B52D}.Release|Any CPU.ActiveCfg = Release|Any CPU
		{E5F34412-E096-2958-7A0B-BF265EB2B52D}.Release|Any CPU.Build.0 = Release|Any CPU
		{025BED19-4BC2-A5B6-3E91-6E14EA9579DD}.Debug|Any CPU.ActiveCfg = Debug|Any CPU
		{025BED19-4BC2-A5B6-3E91-6E14EA9579DD}.Debug|Any CPU.Build.0 = Debug|Any CPU
		{025BED19-4BC2-A5B6-3E91-6E14EA9579DD}.Release|Any CPU.ActiveCfg = Release|Any CPU
		{025BED19-4BC2-A5B6-3E91-6E14EA9579DD}.Release|Any CPU.Build.0 = Release|Any CPU
		{D63141C6-CD06-7507-539F-DBA26EB47BF8}.Debug|Any CPU.ActiveCfg = Debug|Any CPU
		{D63141C6-CD06-7507-539F-DBA26EB47BF8}.Debug|Any CPU.Build.0 = Debug|Any CPU
		{D63141C6-CD06-7507-539F-DBA26EB47BF8}.Release|Any CPU.ActiveCfg = Release|Any CPU
		{D63141C6-CD06-7507-539F-DBA26EB47BF8}.Release|Any CPU.Build.0 = Release|Any CPU
		{D8898302-A3B1-DDE2-D3C0-3BE67F3BB713}.Debug|Any CPU.ActiveCfg = Debug|Any CPU
		{D8898302-A3B1-DDE2-D3C0-3BE67F3BB713}.Debug|Any CPU.Build.0 = Debug|Any CPU
		{D8898302-A3B1-DDE2-D3C0-3BE67F3BB713}.Release|Any CPU.ActiveCfg = Release|Any CPU
		{D8898302-A3B1-DDE2-D3C0-3BE67F3BB713}.Release|Any CPU.Build.0 = Release|Any CPU
		{2EBE3456-3727-9C02-BDF3-36D63E61859F}.Debug|Any CPU.ActiveCfg = Debug|Any CPU
		{2EBE3456-3727-9C02-BDF3-36D63E61859F}.Debug|Any CPU.Build.0 = Debug|Any CPU
		{2EBE3456-3727-9C02-BDF3-36D63E61859F}.Release|Any CPU.ActiveCfg = Release|Any CPU
		{2EBE3456-3727-9C02-BDF3-36D63E61859F}.Release|Any CPU.Build.0 = Release|Any CPU
		{A9198896-2ED3-ADF0-1740-8F38E54C396C}.Debug|Any CPU.ActiveCfg = Debug|Any CPU
		{A9198896-2ED3-ADF0-1740-8F38E54C396C}.Debug|Any CPU.Build.0 = Debug|Any CPU
		{A9198896-2ED3-ADF0-1740-8F38E54C396C}.Release|Any CPU.ActiveCfg = Release|Any CPU
		{A9198896-2ED3-ADF0-1740-8F38E54C396C}.Release|Any CPU.Build.0 = Release|Any CPU
		{70DAC067-942B-4524-9160-9E436F82298E}.Debug|Any CPU.ActiveCfg = Debug|Any CPU
		{70DAC067-942B-4524-9160-9E436F82298E}.Debug|Any CPU.Build.0 = Debug|Any CPU
		{70DAC067-942B-4524-9160-9E436F82298E}.Release|Any CPU.ActiveCfg = Release|Any CPU
		{70DAC067-942B-4524-9160-9E436F82298E}.Release|Any CPU.Build.0 = Release|Any CPU
	EndGlobalSection
	GlobalSection(SolutionProperties) = preSolution
		HideSolutionNode = FALSE
	EndGlobalSection
	GlobalSection(NestedProjects) = preSolution
		{423CBF32-F4B0-F4BC-A0E3-9E6A8E9E86BC} = {AAB96060-2D3A-0653-AB82-5CB59C7202A4}
		{CE8D7471-5929-3E24-A6E5-D7AA71C03746} = {AAB96060-2D3A-0653-AB82-5CB59C7202A4}
		{6D1C6128-EC4F-BA8A-6566-8062B348EE53} = {AAB96060-2D3A-0653-AB82-5CB59C7202A4}
		{59BA8C9B-63AC-D55D-A174-2056EA72B533} = {AAB96060-2D3A-0653-AB82-5CB59C7202A4}
		{9A0E68C9-7E99-EFAA-6BD6-93D287DB298F} = {AAB96060-2D3A-0653-AB82-5CB59C7202A4}
		{DE99F4A6-50EF-77B6-E8DC-A3027EEF5929} = {AAB96060-2D3A-0653-AB82-5CB59C7202A4}
		{E2B1D5D6-7F04-CDF1-36D7-043247888122} = {AAB96060-2D3A-0653-AB82-5CB59C7202A4}
		{B4F344D1-CB1E-7407-2B1D-40EBB87C5F02} = {AAB96060-2D3A-0653-AB82-5CB59C7202A4}
		{7EDB18D5-DD09-EFA0-BC19-75978ECE4E24} = {827E0CD3-B72D-47B6-A68D-7590B98EB39B}
		{D577B7EB-59B9-C148-2BC6-8EB8EEE03176} = {827E0CD3-B72D-47B6-A68D-7590B98EB39B}
		{E5F34412-E096-2958-7A0B-BF265EB2B52D} = {827E0CD3-B72D-47B6-A68D-7590B98EB39B}
		{025BED19-4BC2-A5B6-3E91-6E14EA9579DD} = {827E0CD3-B72D-47B6-A68D-7590B98EB39B}
		{D63141C6-CD06-7507-539F-DBA26EB47BF8} = {827E0CD3-B72D-47B6-A68D-7590B98EB39B}
		{D8898302-A3B1-DDE2-D3C0-3BE67F3BB713} = {827E0CD3-B72D-47B6-A68D-7590B98EB39B}
		{2EBE3456-3727-9C02-BDF3-36D63E61859F} = {827E0CD3-B72D-47B6-A68D-7590B98EB39B}
		{A9198896-2ED3-ADF0-1740-8F38E54C396C} = {827E0CD3-B72D-47B6-A68D-7590B98EB39B}
		{70DAC067-942B-4524-9160-9E436F82298E} = {827E0CD3-B72D-47B6-A68D-7590B98EB39B}
	EndGlobalSection
	GlobalSection(ExtensibilityGlobals) = postSolution
		SolutionGuid = {4A8969D8-812D-446B-896D-53046E10408C}
	EndGlobalSection
EndGlobal
